// !$*UTF8*$!
{
	archiveVersion = 1;
	classes = {
	};
	objectVersion = 55;
	objects = {

/* Begin PBXBuildFile section */
		74008EED28F2B323008A609F /* UIView+Extension.swift in Sources */ = {isa = PBXBuildFile; fileRef = 74008EEC28F2B323008A609F /* UIView+Extension.swift */; };
		74008EF028F2D1E1008A609F /* LMPHistoryViewModel.swift in Sources */ = {isa = PBXBuildFile; fileRef = 74008EEF28F2D1E1008A609F /* LMPHistoryViewModel.swift */; };
		74008EF228F302D4008A609F /* UITextField+Extension.swift in Sources */ = {isa = PBXBuildFile; fileRef = 74008EF128F302D4008A609F /* UITextField+Extension.swift */; };
		74008EF428F31314008A609F /* RegisterViewController.swift in Sources */ = {isa = PBXBuildFile; fileRef = 74008EF328F31314008A609F /* RegisterViewController.swift */; };
		741E062E290E2E4600417519 /* MyQCell.swift in Sources */ = {isa = PBXBuildFile; fileRef = 741E062C290E2E4600417519 /* MyQCell.swift */; };
		741E062F290E2E4600417519 /* MyQCell.xib in Resources */ = {isa = PBXBuildFile; fileRef = 741E062D290E2E4600417519 /* MyQCell.xib */; };
		741E0631290E3A0400417519 /* MyQResponse.swift in Sources */ = {isa = PBXBuildFile; fileRef = 741E0630290E3A0400417519 /* MyQResponse.swift */; };
		741E0633290EB06000417519 /* MyQuestionDetailViewController.swift in Sources */ = {isa = PBXBuildFile; fileRef = 741E0632290EB06000417519 /* MyQuestionDetailViewController.swift */; };
		741E0636290EB88300417519 /* MyQuestionViewModel.swift in Sources */ = {isa = PBXBuildFile; fileRef = 741E0635290EB88300417519 /* MyQuestionViewModel.swift */; };
		742D13B928E2C6FE00150673 /* AppDelegate.swift in Sources */ = {isa = PBXBuildFile; fileRef = 742D13B828E2C6FE00150673 /* AppDelegate.swift */; };
		742D13BB28E2C6FE00150673 /* SceneDelegate.swift in Sources */ = {isa = PBXBuildFile; fileRef = 742D13BA28E2C6FE00150673 /* SceneDelegate.swift */; };
		742D13C028E2C6FE00150673 /* Main.storyboard in Resources */ = {isa = PBXBuildFile; fileRef = 742D13BE28E2C6FE00150673 /* Main.storyboard */; };
		742D13C228E2C70300150673 /* Assets.xcassets in Resources */ = {isa = PBXBuildFile; fileRef = 742D13C128E2C70300150673 /* Assets.xcassets */; };
		742D13C528E2C70300150673 /* LaunchScreen.storyboard in Resources */ = {isa = PBXBuildFile; fileRef = 742D13C328E2C70300150673 /* LaunchScreen.storyboard */; };
		742D13D728E4380500150673 /* HomeTab.storyboard in Resources */ = {isa = PBXBuildFile; fileRef = 742D13D628E4380500150673 /* HomeTab.storyboard */; };
		742D13D928E438FB00150673 /* HomeTabViewController.swift in Sources */ = {isa = PBXBuildFile; fileRef = 742D13D828E438FB00150673 /* HomeTabViewController.swift */; };
		742D13E028E4395600150673 /* CommunityTab.storyboard in Resources */ = {isa = PBXBuildFile; fileRef = 742D13DF28E4395600150673 /* CommunityTab.storyboard */; };
		742D13E228E4398400150673 /* CommunityViewController.swift in Sources */ = {isa = PBXBuildFile; fileRef = 742D13E128E4398400150673 /* CommunityViewController.swift */; };
		742D13E428E4399100150673 /* QnAViewController.swift in Sources */ = {isa = PBXBuildFile; fileRef = 742D13E328E4399100150673 /* QnAViewController.swift */; };
		742D13E628E4399C00150673 /* SettingViewController.swift in Sources */ = {isa = PBXBuildFile; fileRef = 742D13E528E4399C00150673 /* SettingViewController.swift */; };
		742D13E828E439AC00150673 /* QnATab.storyboard in Resources */ = {isa = PBXBuildFile; fileRef = 742D13E728E439AC00150673 /* QnATab.storyboard */; };
		742D13EA28E439B400150673 /* SettingTab.storyboard in Resources */ = {isa = PBXBuildFile; fileRef = 742D13E928E439B400150673 /* SettingTab.storyboard */; };
		742D13F228E447CD00150673 /* CustomTabbarController.swift in Sources */ = {isa = PBXBuildFile; fileRef = 742D13F128E447CD00150673 /* CustomTabbarController.swift */; };
		742F33E328F6EAC400DA8478 /* NoticeTableViewCell.swift in Sources */ = {isa = PBXBuildFile; fileRef = 742F33E128F6EAC400DA8478 /* NoticeTableViewCell.swift */; };
		742F33E428F6EAC400DA8478 /* NoticeTableViewCell.xib in Resources */ = {isa = PBXBuildFile; fileRef = 742F33E228F6EAC400DA8478 /* NoticeTableViewCell.xib */; };
		742F33E628F6EF0D00DA8478 /* GetNoticeViewController.swift in Sources */ = {isa = PBXBuildFile; fileRef = 742F33E528F6EF0D00DA8478 /* GetNoticeViewController.swift */; };
		742F33E828F6EFEB00DA8478 /* NoticeViewModel.swift in Sources */ = {isa = PBXBuildFile; fileRef = 742F33E728F6EFEB00DA8478 /* NoticeViewModel.swift */; };
		742F33EA28F6F03C00DA8478 /* NoticeResponse.swift in Sources */ = {isa = PBXBuildFile; fileRef = 742F33E928F6F03C00DA8478 /* NoticeResponse.swift */; };
		743D888F290D28C400D601E0 /* FAQResponse.swift in Sources */ = {isa = PBXBuildFile; fileRef = 743D888E290D28C400D601E0 /* FAQResponse.swift */; };
		743D8897290D2F7600D601E0 /* FAQDetailTableViewCell.swift in Sources */ = {isa = PBXBuildFile; fileRef = 743D8895290D2F7600D601E0 /* FAQDetailTableViewCell.swift */; };
		743D8898290D2F7600D601E0 /* FAQDetailTableViewCell.xib in Resources */ = {isa = PBXBuildFile; fileRef = 743D8896290D2F7600D601E0 /* FAQDetailTableViewCell.xib */; };
		744FE448290C390200EA04C4 /* MyQuestionViewController.swift in Sources */ = {isa = PBXBuildFile; fileRef = 744FE447290C390200EA04C4 /* MyQuestionViewController.swift */; };
		744FE44A290C3B5700EA04C4 /* FAQViewController.swift in Sources */ = {isa = PBXBuildFile; fileRef = 744FE449290C3B5700EA04C4 /* FAQViewController.swift */; };
		7457204928E9642500699184 /* HomeResponse.swift in Sources */ = {isa = PBXBuildFile; fileRef = 7457204828E9642500699184 /* HomeResponse.swift */; };
		7457204B28EAEAFA00699184 /* UserInfoViewModel.swift in Sources */ = {isa = PBXBuildFile; fileRef = 7457204A28EAEAFA00699184 /* UserInfoViewModel.swift */; };
		74680B6928F55F57006E289F /* AESUtil.swift in Sources */ = {isa = PBXBuildFile; fileRef = 74680B6828F55F57006E289F /* AESUtil.swift */; };
		7469A15128F803C9007286C3 /* NoticeDetailViewModel.swift in Sources */ = {isa = PBXBuildFile; fileRef = 7469A15028F803C9007286C3 /* NoticeDetailViewModel.swift */; };
		7469D7BA2902FB3000168FFA /* String+Extension.swift in Sources */ = {isa = PBXBuildFile; fileRef = 7469D7B92902FB3000168FFA /* String+Extension.swift */; };
		746AF5D928F044590027ADAA /* ApplyExeatViewController.swift in Sources */ = {isa = PBXBuildFile; fileRef = 746AF5D828F044590027ADAA /* ApplyExeatViewController.swift */; };
		746AF5DD28F06F0E0027ADAA /* ExeatResponse.swift in Sources */ = {isa = PBXBuildFile; fileRef = 746AF5DC28F06F0E0027ADAA /* ExeatResponse.swift */; };
		7476EF9628F7FD63008B7ABF /* GetNoticeDetailViewController.swift in Sources */ = {isa = PBXBuildFile; fileRef = 7476EF9528F7FD63008B7ABF /* GetNoticeDetailViewController.swift */; };
		7476EF9828F7FDA8008B7ABF /* PaddingLabel.swift in Sources */ = {isa = PBXBuildFile; fileRef = 7476EF9728F7FDA8008B7ABF /* PaddingLabel.swift */; };
		7477DAC628F1C5A800E3C865 /* GetLmpHistoryViewController.swift in Sources */ = {isa = PBXBuildFile; fileRef = 7477DAC528F1C5A800E3C865 /* GetLmpHistoryViewController.swift */; };
		7477DAC928F1C60500E3C865 /* LMPHistoryTableViewCell.swift in Sources */ = {isa = PBXBuildFile; fileRef = 7477DAC728F1C60500E3C865 /* LMPHistoryTableViewCell.swift */; };
		7477DACA28F1C60500E3C865 /* LMPHistoryTableViewCell.xib in Resources */ = {isa = PBXBuildFile; fileRef = 7477DAC828F1C60500E3C865 /* LMPHistoryTableViewCell.xib */; };
		7477DACE28F1CD0A00E3C865 /* LMPHistoryResponse.swift in Sources */ = {isa = PBXBuildFile; fileRef = 7477DACD28F1CD0A00E3C865 /* LMPHistoryResponse.swift */; };
		7479AF9F28EECF3000FF1FE8 /* ApplyRollCallViewController.swift in Sources */ = {isa = PBXBuildFile; fileRef = 7479AF9E28EECF3000FF1FE8 /* ApplyRollCallViewController.swift */; };
		7483C7A228E6E4CE00CCF70A /* LoginViewController.swift in Sources */ = {isa = PBXBuildFile; fileRef = 7483C7A128E6E4CE00CCF70A /* LoginViewController.swift */; };
		7483C7A428E70D8A00CCF70A /* HTTPStaus+Enum.swift in Sources */ = {isa = PBXBuildFile; fileRef = 7483C7A328E70D8A00CCF70A /* HTTPStaus+Enum.swift */; };
		7483C7A628E74F3800CCF70A /* API.swift in Sources */ = {isa = PBXBuildFile; fileRef = 7483C7A528E74F3800CCF70A /* API.swift */; };
		7483C7A828E74F9E00CCF70A /* Repository.swift in Sources */ = {isa = PBXBuildFile; fileRef = 7483C7A728E74F9E00CCF70A /* Repository.swift */; };
		7483C7AA28E82DA500CCF70A /* LoginResponse.swift in Sources */ = {isa = PBXBuildFile; fileRef = 7483C7A928E82DA500CCF70A /* LoginResponse.swift */; };
		7483C7AE28E8320000CCF70A /* UserLoginManager.swift in Sources */ = {isa = PBXBuildFile; fileRef = 7483C7AD28E8320000CCF70A /* UserLoginManager.swift */; };
		74840A6528E55EB4002AF1BC /* CustomTabBar.swift in Sources */ = {isa = PBXBuildFile; fileRef = 74840A6428E55EB4002AF1BC /* CustomTabBar.swift */; };
		74840A7028E5B577002AF1BC /* SUIT-Light.otf in Resources */ = {isa = PBXBuildFile; fileRef = 74840A6728E5B576002AF1BC /* SUIT-Light.otf */; };
		74840A7128E5B577002AF1BC /* SUIT-Heavy.otf in Resources */ = {isa = PBXBuildFile; fileRef = 74840A6828E5B576002AF1BC /* SUIT-Heavy.otf */; };
		74840A7228E5B577002AF1BC /* SUIT-Regular.otf in Resources */ = {isa = PBXBuildFile; fileRef = 74840A6928E5B576002AF1BC /* SUIT-Regular.otf */; };
		74840A7328E5B577002AF1BC /* SUIT-Medium.otf in Resources */ = {isa = PBXBuildFile; fileRef = 74840A6A28E5B576002AF1BC /* SUIT-Medium.otf */; };
		74840A7428E5B577002AF1BC /* SUIT-Bold.otf in Resources */ = {isa = PBXBuildFile; fileRef = 74840A6B28E5B576002AF1BC /* SUIT-Bold.otf */; };
		74840A7528E5B577002AF1BC /* SUIT-ExtraBold.otf in Resources */ = {isa = PBXBuildFile; fileRef = 74840A6C28E5B576002AF1BC /* SUIT-ExtraBold.otf */; };
		74840A7628E5B577002AF1BC /* SUIT-SemiBold.otf in Resources */ = {isa = PBXBuildFile; fileRef = 74840A6D28E5B576002AF1BC /* SUIT-SemiBold.otf */; };
		74840A7728E5B577002AF1BC /* SUIT-ExtraLight.otf in Resources */ = {isa = PBXBuildFile; fileRef = 74840A6E28E5B576002AF1BC /* SUIT-ExtraLight.otf */; };
		74840A7828E5B577002AF1BC /* SUIT-Thin.otf in Resources */ = {isa = PBXBuildFile; fileRef = 74840A6F28E5B577002AF1BC /* SUIT-Thin.otf */; };
		74840A7A28E5B6C3002AF1BC /* UIFont+Extension.swift in Sources */ = {isa = PBXBuildFile; fileRef = 74840A7928E5B6C3002AF1BC /* UIFont+Extension.swift */; };
		74840A7C28E5B77C002AF1BC /* UIColor+Extension.swift in Sources */ = {isa = PBXBuildFile; fileRef = 74840A7B28E5B77C002AF1BC /* UIColor+Extension.swift */; };
		74C6A96728EFF95D00C7C536 /* UserDefaults+Extension.swift in Sources */ = {isa = PBXBuildFile; fileRef = 74C6A96628EFF95D00C7C536 /* UserDefaults+Extension.swift */; };
		74D0E06C2900ECEC0040C462 /* RollCallAlertViewController.swift in Sources */ = {isa = PBXBuildFile; fileRef = 74D0E06A2900ECEC0040C462 /* RollCallAlertViewController.swift */; };
		74D0E06D2900ECEC0040C462 /* RollCallAlertViewController.xib in Resources */ = {isa = PBXBuildFile; fileRef = 74D0E06B2900ECEC0040C462 /* RollCallAlertViewController.xib */; };
		74D0E0742900ED500040C462 /* ExeatAlertViewController.swift in Sources */ = {isa = PBXBuildFile; fileRef = 74D0E0722900ED500040C462 /* ExeatAlertViewController.swift */; };
		74D0E0752900ED500040C462 /* ExeatAlertViewController.xib in Resources */ = {isa = PBXBuildFile; fileRef = 74D0E0732900ED500040C462 /* ExeatAlertViewController.xib */; };
		74D0E0782900ED660040C462 /* UnRollCallAlertViewController.swift in Sources */ = {isa = PBXBuildFile; fileRef = 74D0E0762900ED660040C462 /* UnRollCallAlertViewController.swift */; };
		74D0E0792900ED660040C462 /* UnRollCallAlertViewController.xib in Resources */ = {isa = PBXBuildFile; fileRef = 74D0E0772900ED660040C462 /* UnRollCallAlertViewController.xib */; };
		74D2DB7B29028AA600695F62 /* GetExeatInfoViewModel.swift in Sources */ = {isa = PBXBuildFile; fileRef = 74D2DB7A29028AA600695F62 /* GetExeatInfoViewModel.swift */; };
		74E4243828EF342F00ADD295 /* RollCallResponse.swift in Sources */ = {isa = PBXBuildFile; fileRef = 74E4243728EF342F00ADD295 /* RollCallResponse.swift */; };
		74E9AF902911049C0009D481 /* FAQTableViewCell.swift in Sources */ = {isa = PBXBuildFile; fileRef = 74E9AF8E2911049C0009D481 /* FAQTableViewCell.swift */; };
		74E9AF912911049C0009D481 /* FAQTableViewCell.xib in Resources */ = {isa = PBXBuildFile; fileRef = 74E9AF8F2911049C0009D481 /* FAQTableViewCell.xib */; };
		74E9AF9329110A8E0009D481 /* FAQViewModel.swift in Sources */ = {isa = PBXBuildFile; fileRef = 74E9AF9229110A8E0009D481 /* FAQViewModel.swift */; };
		74F3FA6C2901796F00226A42 /* GetRollCallInfoViewModel.swift in Sources */ = {isa = PBXBuildFile; fileRef = 74F3FA6B2901796F00226A42 /* GetRollCallInfoViewModel.swift */; };
		B10842AAE8EB0DDC70A062F0 /* Pods_SujungVillage_User.framework in Frameworks */ = {isa = PBXBuildFile; fileRef = 792CE14483603D06C8B3F308 /* Pods_SujungVillage_User.framework */; };
/* End PBXBuildFile section */

/* Begin PBXFileReference section */
		2200E151A5E9AAC3C7730EFC /* Pods-SujungVillage-User.release.xcconfig */ = {isa = PBXFileReference; includeInIndex = 1; lastKnownFileType = text.xcconfig; name = "Pods-SujungVillage-User.release.xcconfig"; path = "Target Support Files/Pods-SujungVillage-User/Pods-SujungVillage-User.release.xcconfig"; sourceTree = "<group>"; };
		74008EEC28F2B323008A609F /* UIView+Extension.swift */ = {isa = PBXFileReference; lastKnownFileType = sourcecode.swift; path = "UIView+Extension.swift"; sourceTree = "<group>"; };
		74008EEF28F2D1E1008A609F /* LMPHistoryViewModel.swift */ = {isa = PBXFileReference; lastKnownFileType = sourcecode.swift; path = LMPHistoryViewModel.swift; sourceTree = "<group>"; };
		74008EF128F302D4008A609F /* UITextField+Extension.swift */ = {isa = PBXFileReference; lastKnownFileType = sourcecode.swift; path = "UITextField+Extension.swift"; sourceTree = "<group>"; };
		74008EF328F31314008A609F /* RegisterViewController.swift */ = {isa = PBXFileReference; lastKnownFileType = sourcecode.swift; path = RegisterViewController.swift; sourceTree = "<group>"; };
		741E062C290E2E4600417519 /* MyQCell.swift */ = {isa = PBXFileReference; lastKnownFileType = sourcecode.swift; path = MyQCell.swift; sourceTree = "<group>"; };
		741E062D290E2E4600417519 /* MyQCell.xib */ = {isa = PBXFileReference; lastKnownFileType = file.xib; path = MyQCell.xib; sourceTree = "<group>"; };
		741E0630290E3A0400417519 /* MyQResponse.swift */ = {isa = PBXFileReference; lastKnownFileType = sourcecode.swift; path = MyQResponse.swift; sourceTree = "<group>"; };
		741E0632290EB06000417519 /* MyQuestionDetailViewController.swift */ = {isa = PBXFileReference; lastKnownFileType = sourcecode.swift; path = MyQuestionDetailViewController.swift; sourceTree = "<group>"; };
		741E0635290EB88300417519 /* MyQuestionViewModel.swift */ = {isa = PBXFileReference; lastKnownFileType = sourcecode.swift; path = MyQuestionViewModel.swift; sourceTree = "<group>"; };
		742D13B528E2C6FE00150673 /* SujungVillage-User.app */ = {isa = PBXFileReference; explicitFileType = wrapper.application; includeInIndex = 0; path = "SujungVillage-User.app"; sourceTree = BUILT_PRODUCTS_DIR; };
		742D13B828E2C6FE00150673 /* AppDelegate.swift */ = {isa = PBXFileReference; lastKnownFileType = sourcecode.swift; path = AppDelegate.swift; sourceTree = "<group>"; };
		742D13BA28E2C6FE00150673 /* SceneDelegate.swift */ = {isa = PBXFileReference; lastKnownFileType = sourcecode.swift; path = SceneDelegate.swift; sourceTree = "<group>"; };
		742D13BF28E2C6FE00150673 /* Base */ = {isa = PBXFileReference; lastKnownFileType = file.storyboard; name = Base; path = Base.lproj/Main.storyboard; sourceTree = "<group>"; };
		742D13C128E2C70300150673 /* Assets.xcassets */ = {isa = PBXFileReference; lastKnownFileType = folder.assetcatalog; path = Assets.xcassets; sourceTree = "<group>"; };
		742D13C428E2C70300150673 /* Base */ = {isa = PBXFileReference; lastKnownFileType = file.storyboard; name = Base; path = Base.lproj/LaunchScreen.storyboard; sourceTree = "<group>"; };
		742D13C628E2C70300150673 /* Info.plist */ = {isa = PBXFileReference; lastKnownFileType = text.plist.xml; path = Info.plist; sourceTree = "<group>"; };
		742D13D628E4380500150673 /* HomeTab.storyboard */ = {isa = PBXFileReference; lastKnownFileType = file.storyboard; path = HomeTab.storyboard; sourceTree = "<group>"; };
		742D13D828E438FB00150673 /* HomeTabViewController.swift */ = {isa = PBXFileReference; lastKnownFileType = sourcecode.swift; path = HomeTabViewController.swift; sourceTree = "<group>"; };
		742D13DF28E4395600150673 /* CommunityTab.storyboard */ = {isa = PBXFileReference; lastKnownFileType = file.storyboard; path = CommunityTab.storyboard; sourceTree = "<group>"; };
		742D13E128E4398400150673 /* CommunityViewController.swift */ = {isa = PBXFileReference; lastKnownFileType = sourcecode.swift; path = CommunityViewController.swift; sourceTree = "<group>"; };
		742D13E328E4399100150673 /* QnAViewController.swift */ = {isa = PBXFileReference; lastKnownFileType = sourcecode.swift; path = QnAViewController.swift; sourceTree = "<group>"; };
		742D13E528E4399C00150673 /* SettingViewController.swift */ = {isa = PBXFileReference; lastKnownFileType = sourcecode.swift; path = SettingViewController.swift; sourceTree = "<group>"; };
		742D13E728E439AC00150673 /* QnATab.storyboard */ = {isa = PBXFileReference; lastKnownFileType = file.storyboard; path = QnATab.storyboard; sourceTree = "<group>"; };
		742D13E928E439B400150673 /* SettingTab.storyboard */ = {isa = PBXFileReference; lastKnownFileType = file.storyboard; path = SettingTab.storyboard; sourceTree = "<group>"; };
		742D13F128E447CD00150673 /* CustomTabbarController.swift */ = {isa = PBXFileReference; lastKnownFileType = sourcecode.swift; path = CustomTabbarController.swift; sourceTree = "<group>"; };
		742F33E128F6EAC400DA8478 /* NoticeTableViewCell.swift */ = {isa = PBXFileReference; lastKnownFileType = sourcecode.swift; path = NoticeTableViewCell.swift; sourceTree = "<group>"; };
		742F33E228F6EAC400DA8478 /* NoticeTableViewCell.xib */ = {isa = PBXFileReference; lastKnownFileType = file.xib; path = NoticeTableViewCell.xib; sourceTree = "<group>"; };
		742F33E528F6EF0D00DA8478 /* GetNoticeViewController.swift */ = {isa = PBXFileReference; lastKnownFileType = sourcecode.swift; path = GetNoticeViewController.swift; sourceTree = "<group>"; };
		742F33E728F6EFEB00DA8478 /* NoticeViewModel.swift */ = {isa = PBXFileReference; lastKnownFileType = sourcecode.swift; path = NoticeViewModel.swift; sourceTree = "<group>"; };
		742F33E928F6F03C00DA8478 /* NoticeResponse.swift */ = {isa = PBXFileReference; lastKnownFileType = sourcecode.swift; path = NoticeResponse.swift; sourceTree = "<group>"; };
		743D888E290D28C400D601E0 /* FAQResponse.swift */ = {isa = PBXFileReference; lastKnownFileType = sourcecode.swift; path = FAQResponse.swift; sourceTree = "<group>"; };
		743D8895290D2F7600D601E0 /* FAQDetailTableViewCell.swift */ = {isa = PBXFileReference; lastKnownFileType = sourcecode.swift; path = FAQDetailTableViewCell.swift; sourceTree = "<group>"; };
		743D8896290D2F7600D601E0 /* FAQDetailTableViewCell.xib */ = {isa = PBXFileReference; lastKnownFileType = file.xib; path = FAQDetailTableViewCell.xib; sourceTree = "<group>"; };
		744FE447290C390200EA04C4 /* MyQuestionViewController.swift */ = {isa = PBXFileReference; lastKnownFileType = sourcecode.swift; path = MyQuestionViewController.swift; sourceTree = "<group>"; };
		744FE449290C3B5700EA04C4 /* FAQViewController.swift */ = {isa = PBXFileReference; lastKnownFileType = sourcecode.swift; path = FAQViewController.swift; sourceTree = "<group>"; };
		7457204828E9642500699184 /* HomeResponse.swift */ = {isa = PBXFileReference; lastKnownFileType = sourcecode.swift; path = HomeResponse.swift; sourceTree = "<group>"; };
		7457204A28EAEAFA00699184 /* UserInfoViewModel.swift */ = {isa = PBXFileReference; lastKnownFileType = sourcecode.swift; path = UserInfoViewModel.swift; sourceTree = "<group>"; };
		74680B6828F55F57006E289F /* AESUtil.swift */ = {isa = PBXFileReference; lastKnownFileType = sourcecode.swift; path = AESUtil.swift; sourceTree = "<group>"; };
		7469A15028F803C9007286C3 /* NoticeDetailViewModel.swift */ = {isa = PBXFileReference; lastKnownFileType = sourcecode.swift; path = NoticeDetailViewModel.swift; sourceTree = "<group>"; };
		7469D7B92902FB3000168FFA /* String+Extension.swift */ = {isa = PBXFileReference; lastKnownFileType = sourcecode.swift; path = "String+Extension.swift"; sourceTree = "<group>"; };
		746AF5D828F044590027ADAA /* ApplyExeatViewController.swift */ = {isa = PBXFileReference; lastKnownFileType = sourcecode.swift; path = ApplyExeatViewController.swift; sourceTree = "<group>"; };
		746AF5DC28F06F0E0027ADAA /* ExeatResponse.swift */ = {isa = PBXFileReference; lastKnownFileType = sourcecode.swift; path = ExeatResponse.swift; sourceTree = "<group>"; };
		7476EF9528F7FD63008B7ABF /* GetNoticeDetailViewController.swift */ = {isa = PBXFileReference; lastKnownFileType = sourcecode.swift; path = GetNoticeDetailViewController.swift; sourceTree = "<group>"; };
		7476EF9728F7FDA8008B7ABF /* PaddingLabel.swift */ = {isa = PBXFileReference; lastKnownFileType = sourcecode.swift; path = PaddingLabel.swift; sourceTree = "<group>"; };
		7477DAC528F1C5A800E3C865 /* GetLmpHistoryViewController.swift */ = {isa = PBXFileReference; lastKnownFileType = sourcecode.swift; path = GetLmpHistoryViewController.swift; sourceTree = "<group>"; };
		7477DAC728F1C60500E3C865 /* LMPHistoryTableViewCell.swift */ = {isa = PBXFileReference; lastKnownFileType = sourcecode.swift; path = LMPHistoryTableViewCell.swift; sourceTree = "<group>"; };
		7477DAC828F1C60500E3C865 /* LMPHistoryTableViewCell.xib */ = {isa = PBXFileReference; lastKnownFileType = file.xib; path = LMPHistoryTableViewCell.xib; sourceTree = "<group>"; };
		7477DACD28F1CD0A00E3C865 /* LMPHistoryResponse.swift */ = {isa = PBXFileReference; lastKnownFileType = sourcecode.swift; path = LMPHistoryResponse.swift; sourceTree = "<group>"; };
		7479AF9E28EECF3000FF1FE8 /* ApplyRollCallViewController.swift */ = {isa = PBXFileReference; lastKnownFileType = sourcecode.swift; path = ApplyRollCallViewController.swift; sourceTree = "<group>"; };
		7483C7A128E6E4CE00CCF70A /* LoginViewController.swift */ = {isa = PBXFileReference; lastKnownFileType = sourcecode.swift; path = LoginViewController.swift; sourceTree = "<group>"; };
		7483C7A328E70D8A00CCF70A /* HTTPStaus+Enum.swift */ = {isa = PBXFileReference; lastKnownFileType = sourcecode.swift; path = "HTTPStaus+Enum.swift"; sourceTree = "<group>"; };
		7483C7A528E74F3800CCF70A /* API.swift */ = {isa = PBXFileReference; lastKnownFileType = sourcecode.swift; path = API.swift; sourceTree = "<group>"; };
		7483C7A728E74F9E00CCF70A /* Repository.swift */ = {isa = PBXFileReference; lastKnownFileType = sourcecode.swift; path = Repository.swift; sourceTree = "<group>"; };
		7483C7A928E82DA500CCF70A /* LoginResponse.swift */ = {isa = PBXFileReference; lastKnownFileType = sourcecode.swift; path = LoginResponse.swift; sourceTree = "<group>"; };
		7483C7AD28E8320000CCF70A /* UserLoginManager.swift */ = {isa = PBXFileReference; lastKnownFileType = sourcecode.swift; path = UserLoginManager.swift; sourceTree = "<group>"; };
		74840A6428E55EB4002AF1BC /* CustomTabBar.swift */ = {isa = PBXFileReference; lastKnownFileType = sourcecode.swift; path = CustomTabBar.swift; sourceTree = "<group>"; };
		74840A6728E5B576002AF1BC /* SUIT-Light.otf */ = {isa = PBXFileReference; lastKnownFileType = file; path = "SUIT-Light.otf"; sourceTree = "<group>"; };
		74840A6828E5B576002AF1BC /* SUIT-Heavy.otf */ = {isa = PBXFileReference; lastKnownFileType = file; path = "SUIT-Heavy.otf"; sourceTree = "<group>"; };
		74840A6928E5B576002AF1BC /* SUIT-Regular.otf */ = {isa = PBXFileReference; lastKnownFileType = file; path = "SUIT-Regular.otf"; sourceTree = "<group>"; };
		74840A6A28E5B576002AF1BC /* SUIT-Medium.otf */ = {isa = PBXFileReference; lastKnownFileType = file; path = "SUIT-Medium.otf"; sourceTree = "<group>"; };
		74840A6B28E5B576002AF1BC /* SUIT-Bold.otf */ = {isa = PBXFileReference; lastKnownFileType = file; path = "SUIT-Bold.otf"; sourceTree = "<group>"; };
		74840A6C28E5B576002AF1BC /* SUIT-ExtraBold.otf */ = {isa = PBXFileReference; lastKnownFileType = file; path = "SUIT-ExtraBold.otf"; sourceTree = "<group>"; };
		74840A6D28E5B576002AF1BC /* SUIT-SemiBold.otf */ = {isa = PBXFileReference; lastKnownFileType = file; path = "SUIT-SemiBold.otf"; sourceTree = "<group>"; };
		74840A6E28E5B576002AF1BC /* SUIT-ExtraLight.otf */ = {isa = PBXFileReference; lastKnownFileType = file; path = "SUIT-ExtraLight.otf"; sourceTree = "<group>"; };
		74840A6F28E5B577002AF1BC /* SUIT-Thin.otf */ = {isa = PBXFileReference; lastKnownFileType = file; path = "SUIT-Thin.otf"; sourceTree = "<group>"; };
		74840A7928E5B6C3002AF1BC /* UIFont+Extension.swift */ = {isa = PBXFileReference; lastKnownFileType = sourcecode.swift; path = "UIFont+Extension.swift"; sourceTree = "<group>"; };
		74840A7B28E5B77C002AF1BC /* UIColor+Extension.swift */ = {isa = PBXFileReference; lastKnownFileType = sourcecode.swift; path = "UIColor+Extension.swift"; sourceTree = "<group>"; };
		74C6A96628EFF95D00C7C536 /* UserDefaults+Extension.swift */ = {isa = PBXFileReference; lastKnownFileType = sourcecode.swift; path = "UserDefaults+Extension.swift"; sourceTree = "<group>"; };
		74D0E06A2900ECEC0040C462 /* RollCallAlertViewController.swift */ = {isa = PBXFileReference; lastKnownFileType = sourcecode.swift; path = RollCallAlertViewController.swift; sourceTree = "<group>"; };
		74D0E06B2900ECEC0040C462 /* RollCallAlertViewController.xib */ = {isa = PBXFileReference; lastKnownFileType = file.xib; path = RollCallAlertViewController.xib; sourceTree = "<group>"; };
		74D0E0722900ED500040C462 /* ExeatAlertViewController.swift */ = {isa = PBXFileReference; lastKnownFileType = sourcecode.swift; path = ExeatAlertViewController.swift; sourceTree = "<group>"; };
		74D0E0732900ED500040C462 /* ExeatAlertViewController.xib */ = {isa = PBXFileReference; lastKnownFileType = file.xib; path = ExeatAlertViewController.xib; sourceTree = "<group>"; };
		74D0E0762900ED660040C462 /* UnRollCallAlertViewController.swift */ = {isa = PBXFileReference; lastKnownFileType = sourcecode.swift; path = UnRollCallAlertViewController.swift; sourceTree = "<group>"; };
		74D0E0772900ED660040C462 /* UnRollCallAlertViewController.xib */ = {isa = PBXFileReference; lastKnownFileType = file.xib; path = UnRollCallAlertViewController.xib; sourceTree = "<group>"; };
		74D2DB7A29028AA600695F62 /* GetExeatInfoViewModel.swift */ = {isa = PBXFileReference; lastKnownFileType = sourcecode.swift; path = GetExeatInfoViewModel.swift; sourceTree = "<group>"; };
		74E4243728EF342F00ADD295 /* RollCallResponse.swift */ = {isa = PBXFileReference; lastKnownFileType = sourcecode.swift; path = RollCallResponse.swift; sourceTree = "<group>"; };
		74E9AF8E2911049C0009D481 /* FAQTableViewCell.swift */ = {isa = PBXFileReference; lastKnownFileType = sourcecode.swift; path = FAQTableViewCell.swift; sourceTree = "<group>"; };
		74E9AF8F2911049C0009D481 /* FAQTableViewCell.xib */ = {isa = PBXFileReference; lastKnownFileType = file.xib; path = FAQTableViewCell.xib; sourceTree = "<group>"; };
		74E9AF9229110A8E0009D481 /* FAQViewModel.swift */ = {isa = PBXFileReference; lastKnownFileType = sourcecode.swift; path = FAQViewModel.swift; sourceTree = "<group>"; };
		74F3FA6B2901796F00226A42 /* GetRollCallInfoViewModel.swift */ = {isa = PBXFileReference; lastKnownFileType = sourcecode.swift; path = GetRollCallInfoViewModel.swift; sourceTree = "<group>"; };
		792CE14483603D06C8B3F308 /* Pods_SujungVillage_User.framework */ = {isa = PBXFileReference; explicitFileType = wrapper.framework; includeInIndex = 0; path = Pods_SujungVillage_User.framework; sourceTree = BUILT_PRODUCTS_DIR; };
		D146AC24FAB5177AAB88A014 /* Pods-SujungVillage-User.debug.xcconfig */ = {isa = PBXFileReference; includeInIndex = 1; lastKnownFileType = text.xcconfig; name = "Pods-SujungVillage-User.debug.xcconfig"; path = "Target Support Files/Pods-SujungVillage-User/Pods-SujungVillage-User.debug.xcconfig"; sourceTree = "<group>"; };
/* End PBXFileReference section */

/* Begin PBXFrameworksBuildPhase section */
		742D13B228E2C6FE00150673 /* Frameworks */ = {
			isa = PBXFrameworksBuildPhase;
			buildActionMask = 2147483647;
			files = (
				B10842AAE8EB0DDC70A062F0 /* Pods_SujungVillage_User.framework in Frameworks */,
			);
			runOnlyForDeploymentPostprocessing = 0;
		};
/* End PBXFrameworksBuildPhase section */

/* Begin PBXGroup section */
		42E41BDC2AA8292A46FDC7B6 /* Pods */ = {
			isa = PBXGroup;
			children = (
				D146AC24FAB5177AAB88A014 /* Pods-SujungVillage-User.debug.xcconfig */,
				2200E151A5E9AAC3C7730EFC /* Pods-SujungVillage-User.release.xcconfig */,
			);
			path = Pods;
			sourceTree = "<group>";
		};
		5B94AC72301F8D5155FF7B37 /* Frameworks */ = {
			isa = PBXGroup;
			children = (
				792CE14483603D06C8B3F308 /* Pods_SujungVillage_User.framework */,
			);
			name = Frameworks;
			sourceTree = "<group>";
		};
		741A2666290B83DB004FF508 /* Q&AView */ = {
			isa = PBXGroup;
			children = (
				741E062C290E2E4600417519 /* MyQCell.swift */,
				741E062D290E2E4600417519 /* MyQCell.xib */,
				74E9AF8E2911049C0009D481 /* FAQTableViewCell.swift */,
				74E9AF8F2911049C0009D481 /* FAQTableViewCell.xib */,
				743D8895290D2F7600D601E0 /* FAQDetailTableViewCell.swift */,
				743D8896290D2F7600D601E0 /* FAQDetailTableViewCell.xib */,
			);
			path = "Q&AView";
			sourceTree = "<group>";
		};
		741E0634290EB75800417519 /* QnA */ = {
			isa = PBXGroup;
			children = (
				741E0635290EB88300417519 /* MyQuestionViewModel.swift */,
				74E9AF9229110A8E0009D481 /* FAQViewModel.swift */,
			);
			path = QnA;
			sourceTree = "<group>";
		};
		742D13AC28E2C6FE00150673 = {
			isa = PBXGroup;
			children = (
				742D13B728E2C6FE00150673 /* SujungVillage-User */,
				742D13B628E2C6FE00150673 /* Products */,
				42E41BDC2AA8292A46FDC7B6 /* Pods */,
				5B94AC72301F8D5155FF7B37 /* Frameworks */,
			);
			sourceTree = "<group>";
		};
		742D13B628E2C6FE00150673 /* Products */ = {
			isa = PBXGroup;
			children = (
				742D13B528E2C6FE00150673 /* SujungVillage-User.app */,
			);
			name = Products;
			sourceTree = "<group>";
		};
		742D13B728E2C6FE00150673 /* SujungVillage-User */ = {
			isa = PBXGroup;
			children = (
				742D13C628E2C70300150673 /* Info.plist */,
				742D13CD28E433F800150673 /* Resources */,
				742D13CC28E4339D00150673 /* Sources */,
			);
			path = "SujungVillage-User";
			sourceTree = "<group>";
		};
		742D13CC28E4339D00150673 /* Sources */ = {
			isa = PBXGroup;
			children = (
				742D13B828E2C6FE00150673 /* AppDelegate.swift */,
				742D13BA28E2C6FE00150673 /* SceneDelegate.swift */,
				74680B6728F55F42006E289F /* Utils */,
				742D13F028E447A800150673 /* Views */,
				742D13D328E434A500150673 /* Repositories */,
				742D13D128E4346300150673 /* Extensions */,
				742D13D028E4345600150673 /* Network */,
				742D13CF28E4344E00150673 /* ViewControllers */,
				742D13CE28E4341100150673 /* ViewModels */,
				742D13D228E4349000150673 /* Models */,
			);
			path = Sources;
			sourceTree = "<group>";
		};
		742D13CD28E433F800150673 /* Resources */ = {
			isa = PBXGroup;
			children = (
				742D13D528E4352800150673 /* Assets */,
				742D13D428E4352000150673 /* Storyboards */,
			);
			path = Resources;
			sourceTree = "<group>";
		};
		742D13CE28E4341100150673 /* ViewModels */ = {
			isa = PBXGroup;
			children = (
				741E0634290EB75800417519 /* QnA */,
				74F3FA69290178D700226A42 /* Home */,
			);
			path = ViewModels;
			sourceTree = "<group>";
		};
		742D13CF28E4344E00150673 /* ViewControllers */ = {
			isa = PBXGroup;
			children = (
				7479AF9D28EEC99A00FF1FE8 /* Login */,
				742D13DA28E4390000150673 /* HomeTab */,
				742D13DD28E4391F00150673 /* Community */,
				742D13DC28E4391000150673 /* QnATab */,
				742D13DB28E4390400150673 /* SettingTab */,
			);
			path = ViewControllers;
			sourceTree = "<group>";
		};
		742D13D028E4345600150673 /* Network */ = {
			isa = PBXGroup;
			children = (
				7483C7A528E74F3800CCF70A /* API.swift */,
				7483C7A328E70D8A00CCF70A /* HTTPStaus+Enum.swift */,
				7483C7AD28E8320000CCF70A /* UserLoginManager.swift */,
			);
			path = Network;
			sourceTree = "<group>";
		};
		742D13D128E4346300150673 /* Extensions */ = {
			isa = PBXGroup;
			children = (
				74840A7928E5B6C3002AF1BC /* UIFont+Extension.swift */,
				74840A7B28E5B77C002AF1BC /* UIColor+Extension.swift */,
				74C6A96628EFF95D00C7C536 /* UserDefaults+Extension.swift */,
				74008EEC28F2B323008A609F /* UIView+Extension.swift */,
				74008EF128F302D4008A609F /* UITextField+Extension.swift */,
				7469D7B92902FB3000168FFA /* String+Extension.swift */,
			);
			path = Extensions;
			sourceTree = "<group>";
		};
		742D13D228E4349000150673 /* Models */ = {
			isa = PBXGroup;
			children = (
				7483C7A928E82DA500CCF70A /* LoginResponse.swift */,
				7457204828E9642500699184 /* HomeResponse.swift */,
				74E4243728EF342F00ADD295 /* RollCallResponse.swift */,
				746AF5DC28F06F0E0027ADAA /* ExeatResponse.swift */,
				742F33E928F6F03C00DA8478 /* NoticeResponse.swift */,
				7477DACD28F1CD0A00E3C865 /* LMPHistoryResponse.swift */,
				743D888E290D28C400D601E0 /* FAQResponse.swift */,
				741E0630290E3A0400417519 /* MyQResponse.swift */,
			);
			path = Models;
			sourceTree = "<group>";
		};
		742D13D328E434A500150673 /* Repositories */ = {
			isa = PBXGroup;
			children = (
				7483C7A728E74F9E00CCF70A /* Repository.swift */,
			);
			path = Repositories;
			sourceTree = "<group>";
		};
		742D13D428E4352000150673 /* Storyboards */ = {
			isa = PBXGroup;
			children = (
				742D13BE28E2C6FE00150673 /* Main.storyboard */,
				742D13C328E2C70300150673 /* LaunchScreen.storyboard */,
				742D13DE28E4394800150673 /* Tabbars */,
			);
			path = Storyboards;
			sourceTree = "<group>";
		};
		742D13D528E4352800150673 /* Assets */ = {
			isa = PBXGroup;
			children = (
				74840A6628E5B565002AF1BC /* Fonts */,
				742D13C128E2C70300150673 /* Assets.xcassets */,
			);
			path = Assets;
			sourceTree = "<group>";
		};
		742D13DA28E4390000150673 /* HomeTab */ = {
			isa = PBXGroup;
			children = (
				742D13D828E438FB00150673 /* HomeTabViewController.swift */,
				7479AF9E28EECF3000FF1FE8 /* ApplyRollCallViewController.swift */,
				746AF5D828F044590027ADAA /* ApplyExeatViewController.swift */,
				7477DAC528F1C5A800E3C865 /* GetLmpHistoryViewController.swift */,
				742F33E528F6EF0D00DA8478 /* GetNoticeViewController.swift */,
				7476EF9528F7FD63008B7ABF /* GetNoticeDetailViewController.swift */,
			);
			path = HomeTab;
			sourceTree = "<group>";
		};
		742D13DB28E4390400150673 /* SettingTab */ = {
			isa = PBXGroup;
			children = (
				742D13E528E4399C00150673 /* SettingViewController.swift */,
			);
			path = SettingTab;
			sourceTree = "<group>";
		};
		742D13DC28E4391000150673 /* QnATab */ = {
			isa = PBXGroup;
			children = (
				742D13E328E4399100150673 /* QnAViewController.swift */,
				744FE449290C3B5700EA04C4 /* FAQViewController.swift */,
				744FE447290C390200EA04C4 /* MyQuestionViewController.swift */,
				741E0632290EB06000417519 /* MyQuestionDetailViewController.swift */,
			);
			path = QnATab;
			sourceTree = "<group>";
		};
		742D13DD28E4391F00150673 /* Community */ = {
			isa = PBXGroup;
			children = (
				742D13E128E4398400150673 /* CommunityViewController.swift */,
			);
			path = Community;
			sourceTree = "<group>";
		};
		742D13DE28E4394800150673 /* Tabbars */ = {
			isa = PBXGroup;
			children = (
				742D13D628E4380500150673 /* HomeTab.storyboard */,
				742D13DF28E4395600150673 /* CommunityTab.storyboard */,
				742D13E728E439AC00150673 /* QnATab.storyboard */,
				742D13E928E439B400150673 /* SettingTab.storyboard */,
			);
			path = Tabbars;
			sourceTree = "<group>";
		};
		742D13F028E447A800150673 /* Views */ = {
			isa = PBXGroup;
			children = (
				741A2666290B83DB004FF508 /* Q&AView */,
				74D2615C28FEA5C8008BC5BE /* AlertView */,
				742F33E028F6EA6900DA8478 /* NoticeTableView */,
				7477DACC28F1C62000E3C865 /* TabbarView */,
				7477DACB28F1C61000E3C865 /* LMPHistoryCellView */,
				7476EF9728F7FDA8008B7ABF /* PaddingLabel.swift */,
			);
			path = Views;
			sourceTree = "<group>";
		};
		742F33E028F6EA6900DA8478 /* NoticeTableView */ = {
			isa = PBXGroup;
			children = (
				742F33E128F6EAC400DA8478 /* NoticeTableViewCell.swift */,
				742F33E228F6EAC400DA8478 /* NoticeTableViewCell.xib */,
			);
			path = NoticeTableView;
			sourceTree = "<group>";
		};
		74680B6728F55F42006E289F /* Utils */ = {
			isa = PBXGroup;
			children = (
				74680B6828F55F57006E289F /* AESUtil.swift */,
			);
			path = Utils;
			sourceTree = "<group>";
		};
		7477DACB28F1C61000E3C865 /* LMPHistoryCellView */ = {
			isa = PBXGroup;
			children = (
				7477DAC728F1C60500E3C865 /* LMPHistoryTableViewCell.swift */,
				7477DAC828F1C60500E3C865 /* LMPHistoryTableViewCell.xib */,
			);
			path = LMPHistoryCellView;
			sourceTree = "<group>";
		};
		7477DACC28F1C62000E3C865 /* TabbarView */ = {
			isa = PBXGroup;
			children = (
				742D13F128E447CD00150673 /* CustomTabbarController.swift */,
				74840A6428E55EB4002AF1BC /* CustomTabBar.swift */,
			);
			path = TabbarView;
			sourceTree = "<group>";
		};
		7479AF9D28EEC99A00FF1FE8 /* Login */ = {
			isa = PBXGroup;
			children = (
				7483C7A128E6E4CE00CCF70A /* LoginViewController.swift */,
				74008EF328F31314008A609F /* RegisterViewController.swift */,
			);
			path = Login;
			sourceTree = "<group>";
		};
		74840A6628E5B565002AF1BC /* Fonts */ = {
			isa = PBXGroup;
			children = (
				74840A6B28E5B576002AF1BC /* SUIT-Bold.otf */,
				74840A6C28E5B576002AF1BC /* SUIT-ExtraBold.otf */,
				74840A6E28E5B576002AF1BC /* SUIT-ExtraLight.otf */,
				74840A6828E5B576002AF1BC /* SUIT-Heavy.otf */,
				74840A6728E5B576002AF1BC /* SUIT-Light.otf */,
				74840A6A28E5B576002AF1BC /* SUIT-Medium.otf */,
				74840A6928E5B576002AF1BC /* SUIT-Regular.otf */,
				74840A6D28E5B576002AF1BC /* SUIT-SemiBold.otf */,
				74840A6F28E5B577002AF1BC /* SUIT-Thin.otf */,
			);
			path = Fonts;
			sourceTree = "<group>";
		};
		74D2615C28FEA5C8008BC5BE /* AlertView */ = {
			isa = PBXGroup;
			children = (
				74D0E06A2900ECEC0040C462 /* RollCallAlertViewController.swift */,
				74D0E06B2900ECEC0040C462 /* RollCallAlertViewController.xib */,
				74D0E0722900ED500040C462 /* ExeatAlertViewController.swift */,
				74D0E0732900ED500040C462 /* ExeatAlertViewController.xib */,
				74D0E0762900ED660040C462 /* UnRollCallAlertViewController.swift */,
				74D0E0772900ED660040C462 /* UnRollCallAlertViewController.xib */,
			);
			path = AlertView;
			sourceTree = "<group>";
		};
		74F3FA69290178D700226A42 /* Home */ = {
			isa = PBXGroup;
			children = (
				7457204A28EAEAFA00699184 /* UserInfoViewModel.swift */,
				74008EEF28F2D1E1008A609F /* LMPHistoryViewModel.swift */,
				742F33E728F6EFEB00DA8478 /* NoticeViewModel.swift */,
				7469A15028F803C9007286C3 /* NoticeDetailViewModel.swift */,
				74F3FA6A290178EA00226A42 /* Calendar */,
			);
			path = Home;
			sourceTree = "<group>";
		};
		74F3FA6A290178EA00226A42 /* Calendar */ = {
			isa = PBXGroup;
			children = (
				74F3FA6B2901796F00226A42 /* GetRollCallInfoViewModel.swift */,
				74D2DB7A29028AA600695F62 /* GetExeatInfoViewModel.swift */,
			);
			path = Calendar;
			sourceTree = "<group>";
		};
/* End PBXGroup section */

/* Begin PBXNativeTarget section */
		742D13B428E2C6FE00150673 /* SujungVillage-User */ = {
			isa = PBXNativeTarget;
			buildConfigurationList = 742D13C928E2C70300150673 /* Build configuration list for PBXNativeTarget "SujungVillage-User" */;
			buildPhases = (
				70E5A192308127C18E4EC75A /* [CP] Check Pods Manifest.lock */,
				742D13B128E2C6FE00150673 /* Sources */,
				742D13B228E2C6FE00150673 /* Frameworks */,
				742D13B328E2C6FE00150673 /* Resources */,
				221DD4826823DA3E7BF40B2E /* [CP] Embed Pods Frameworks */,
			);
			buildRules = (
			);
			dependencies = (
			);
			name = "SujungVillage-User";
			productName = "SujungVillage-User";
			productReference = 742D13B528E2C6FE00150673 /* SujungVillage-User.app */;
			productType = "com.apple.product-type.application";
		};
/* End PBXNativeTarget section */

/* Begin PBXProject section */
		742D13AD28E2C6FE00150673 /* Project object */ = {
			isa = PBXProject;
			attributes = {
				BuildIndependentTargetsInParallel = 1;
				LastSwiftUpdateCheck = 1340;
				LastUpgradeCheck = 1340;
				TargetAttributes = {
					742D13B428E2C6FE00150673 = {
						CreatedOnToolsVersion = 13.4.1;
					};
				};
			};
			buildConfigurationList = 742D13B028E2C6FE00150673 /* Build configuration list for PBXProject "SujungVillage-User" */;
			compatibilityVersion = "Xcode 13.0";
			developmentRegion = en;
			hasScannedForEncodings = 0;
			knownRegions = (
				en,
				Base,
			);
			mainGroup = 742D13AC28E2C6FE00150673;
			productRefGroup = 742D13B628E2C6FE00150673 /* Products */;
			projectDirPath = "";
			projectRoot = "";
			targets = (
				742D13B428E2C6FE00150673 /* SujungVillage-User */,
			);
		};
/* End PBXProject section */

/* Begin PBXResourcesBuildPhase section */
		742D13B328E2C6FE00150673 /* Resources */ = {
			isa = PBXResourcesBuildPhase;
			buildActionMask = 2147483647;
			files = (
				74840A7328E5B577002AF1BC /* SUIT-Medium.otf in Resources */,
				74840A7528E5B577002AF1BC /* SUIT-ExtraBold.otf in Resources */,
				74840A7128E5B577002AF1BC /* SUIT-Heavy.otf in Resources */,
				742D13C528E2C70300150673 /* LaunchScreen.storyboard in Resources */,
				74840A7728E5B577002AF1BC /* SUIT-ExtraLight.otf in Resources */,
				742F33E428F6EAC400DA8478 /* NoticeTableViewCell.xib in Resources */,
				74840A7428E5B577002AF1BC /* SUIT-Bold.otf in Resources */,
				742D13E828E439AC00150673 /* QnATab.storyboard in Resources */,
				7477DACA28F1C60500E3C865 /* LMPHistoryTableViewCell.xib in Resources */,
				74840A7228E5B577002AF1BC /* SUIT-Regular.otf in Resources */,
				74D0E0752900ED500040C462 /* ExeatAlertViewController.xib in Resources */,
				742D13D728E4380500150673 /* HomeTab.storyboard in Resources */,
				74D0E06D2900ECEC0040C462 /* RollCallAlertViewController.xib in Resources */,
				74840A7828E5B577002AF1BC /* SUIT-Thin.otf in Resources */,
				74D0E0792900ED660040C462 /* UnRollCallAlertViewController.xib in Resources */,
				742D13C228E2C70300150673 /* Assets.xcassets in Resources */,
				74E9AF912911049C0009D481 /* FAQTableViewCell.xib in Resources */,
				742D13E028E4395600150673 /* CommunityTab.storyboard in Resources */,
				742D13EA28E439B400150673 /* SettingTab.storyboard in Resources */,
				741E062F290E2E4600417519 /* MyQCell.xib in Resources */,
				74840A7628E5B577002AF1BC /* SUIT-SemiBold.otf in Resources */,
				743D8898290D2F7600D601E0 /* FAQDetailTableViewCell.xib in Resources */,
				742D13C028E2C6FE00150673 /* Main.storyboard in Resources */,
				74840A7028E5B577002AF1BC /* SUIT-Light.otf in Resources */,
			);
			runOnlyForDeploymentPostprocessing = 0;
		};
/* End PBXResourcesBuildPhase section */

/* Begin PBXShellScriptBuildPhase section */
		221DD4826823DA3E7BF40B2E /* [CP] Embed Pods Frameworks */ = {
			isa = PBXShellScriptBuildPhase;
			buildActionMask = 2147483647;
			files = (
			);
			inputFileListPaths = (
				"${PODS_ROOT}/Target Support Files/Pods-SujungVillage-User/Pods-SujungVillage-User-frameworks-${CONFIGURATION}-input-files.xcfilelist",
			);
			name = "[CP] Embed Pods Frameworks";
			outputFileListPaths = (
				"${PODS_ROOT}/Target Support Files/Pods-SujungVillage-User/Pods-SujungVillage-User-frameworks-${CONFIGURATION}-output-files.xcfilelist",
			);
			runOnlyForDeploymentPostprocessing = 0;
			shellPath = /bin/sh;
			shellScript = "\"${PODS_ROOT}/Target Support Files/Pods-SujungVillage-User/Pods-SujungVillage-User-frameworks.sh\"\n";
			showEnvVarsInLog = 0;
		};
		70E5A192308127C18E4EC75A /* [CP] Check Pods Manifest.lock */ = {
			isa = PBXShellScriptBuildPhase;
			buildActionMask = 2147483647;
			files = (
			);
			inputFileListPaths = (
			);
			inputPaths = (
				"${PODS_PODFILE_DIR_PATH}/Podfile.lock",
				"${PODS_ROOT}/Manifest.lock",
			);
			name = "[CP] Check Pods Manifest.lock";
			outputFileListPaths = (
			);
			outputPaths = (
				"$(DERIVED_FILE_DIR)/Pods-SujungVillage-User-checkManifestLockResult.txt",
			);
			runOnlyForDeploymentPostprocessing = 0;
			shellPath = /bin/sh;
			shellScript = "diff \"${PODS_PODFILE_DIR_PATH}/Podfile.lock\" \"${PODS_ROOT}/Manifest.lock\" > /dev/null\nif [ $? != 0 ] ; then\n    # print error to STDERR\n    echo \"error: The sandbox is not in sync with the Podfile.lock. Run 'pod install' or update your CocoaPods installation.\" >&2\n    exit 1\nfi\n# This output is used by Xcode 'outputs' to avoid re-running this script phase.\necho \"SUCCESS\" > \"${SCRIPT_OUTPUT_FILE_0}\"\n";
			showEnvVarsInLog = 0;
		};
/* End PBXShellScriptBuildPhase section */

/* Begin PBXSourcesBuildPhase section */
		742D13B128E2C6FE00150673 /* Sources */ = {
			isa = PBXSourcesBuildPhase;
			buildActionMask = 2147483647;
			files = (
				7457204928E9642500699184 /* HomeResponse.swift in Sources */,
				74D0E0782900ED660040C462 /* UnRollCallAlertViewController.swift in Sources */,
				746AF5D928F044590027ADAA /* ApplyExeatViewController.swift in Sources */,
				7477DAC628F1C5A800E3C865 /* GetLmpHistoryViewController.swift in Sources */,
				7477DAC928F1C60500E3C865 /* LMPHistoryTableViewCell.swift in Sources */,
				7477DACE28F1CD0A00E3C865 /* LMPHistoryResponse.swift in Sources */,
				7457204B28EAEAFA00699184 /* UserInfoViewModel.swift in Sources */,
				742D13E428E4399100150673 /* QnAViewController.swift in Sources */,
				742F33E628F6EF0D00DA8478 /* GetNoticeViewController.swift in Sources */,
				74008EF028F2D1E1008A609F /* LMPHistoryViewModel.swift in Sources */,
				742D13D928E438FB00150673 /* HomeTabViewController.swift in Sources */,
				742D13F228E447CD00150673 /* CustomTabbarController.swift in Sources */,
				744FE448290C390200EA04C4 /* MyQuestionViewController.swift in Sources */,
				7469D7BA2902FB3000168FFA /* String+Extension.swift in Sources */,
				742D13B928E2C6FE00150673 /* AppDelegate.swift in Sources */,
				74E9AF9329110A8E0009D481 /* FAQViewModel.swift in Sources */,
				74008EF228F302D4008A609F /* UITextField+Extension.swift in Sources */,
				7483C7AE28E8320000CCF70A /* UserLoginManager.swift in Sources */,
				74840A6528E55EB4002AF1BC /* CustomTabBar.swift in Sources */,
				74008EED28F2B323008A609F /* UIView+Extension.swift in Sources */,
				742D13E228E4398400150673 /* CommunityViewController.swift in Sources */,
				743D888F290D28C400D601E0 /* FAQResponse.swift in Sources */,
				741E0633290EB06000417519 /* MyQuestionDetailViewController.swift in Sources */,
				74840A7A28E5B6C3002AF1BC /* UIFont+Extension.swift in Sources */,
				7483C7A828E74F9E00CCF70A /* Repository.swift in Sources */,
				74F3FA6C2901796F00226A42 /* GetRollCallInfoViewModel.swift in Sources */,
				74E9AF902911049C0009D481 /* FAQTableViewCell.swift in Sources */,
				742D13E628E4399C00150673 /* SettingViewController.swift in Sources */,
				7483C7A628E74F3800CCF70A /* API.swift in Sources */,
				74C6A96728EFF95D00C7C536 /* UserDefaults+Extension.swift in Sources */,
				74008EF428F31314008A609F /* RegisterViewController.swift in Sources */,
				742D13BB28E2C6FE00150673 /* SceneDelegate.swift in Sources */,
				742F33E828F6EFEB00DA8478 /* NoticeViewModel.swift in Sources */,
				7476EF9828F7FDA8008B7ABF /* PaddingLabel.swift in Sources */,
				74D2DB7B29028AA600695F62 /* GetExeatInfoViewModel.swift in Sources */,
				74840A7C28E5B77C002AF1BC /* UIColor+Extension.swift in Sources */,
				742F33EA28F6F03C00DA8478 /* NoticeResponse.swift in Sources */,
				741E0636290EB88300417519 /* MyQuestionViewModel.swift in Sources */,
				7483C7A228E6E4CE00CCF70A /* LoginViewController.swift in Sources */,
				7469A15128F803C9007286C3 /* NoticeDetailViewModel.swift in Sources */,
				7476EF9628F7FD63008B7ABF /* GetNoticeDetailViewController.swift in Sources */,
				74D0E06C2900ECEC0040C462 /* RollCallAlertViewController.swift in Sources */,
				742F33E328F6EAC400DA8478 /* NoticeTableViewCell.swift in Sources */,
				7483C7A428E70D8A00CCF70A /* HTTPStaus+Enum.swift in Sources */,
				74E4243828EF342F00ADD295 /* RollCallResponse.swift in Sources */,
				7479AF9F28EECF3000FF1FE8 /* ApplyRollCallViewController.swift in Sources */,
				744FE44A290C3B5700EA04C4 /* FAQViewController.swift in Sources */,
				74D0E0742900ED500040C462 /* ExeatAlertViewController.swift in Sources */,
				741E0631290E3A0400417519 /* MyQResponse.swift in Sources */,
				743D8897290D2F7600D601E0 /* FAQDetailTableViewCell.swift in Sources */,
				7483C7AA28E82DA500CCF70A /* LoginResponse.swift in Sources */,
				746AF5DD28F06F0E0027ADAA /* ExeatResponse.swift in Sources */,
				74680B6928F55F57006E289F /* AESUtil.swift in Sources */,
				741E062E290E2E4600417519 /* MyQCell.swift in Sources */,
			);
			runOnlyForDeploymentPostprocessing = 0;
		};
/* End PBXSourcesBuildPhase section */

/* Begin PBXVariantGroup section */
		742D13BE28E2C6FE00150673 /* Main.storyboard */ = {
			isa = PBXVariantGroup;
			children = (
				742D13BF28E2C6FE00150673 /* Base */,
			);
			name = Main.storyboard;
			sourceTree = "<group>";
		};
		742D13C328E2C70300150673 /* LaunchScreen.storyboard */ = {
			isa = PBXVariantGroup;
			children = (
				742D13C428E2C70300150673 /* Base */,
			);
			name = LaunchScreen.storyboard;
			sourceTree = "<group>";
		};
/* End PBXVariantGroup section */

/* Begin XCBuildConfiguration section */
		742D13C728E2C70300150673 /* Debug */ = {
			isa = XCBuildConfiguration;
			buildSettings = {
				ALWAYS_SEARCH_USER_PATHS = NO;
				CLANG_ANALYZER_NONNULL = YES;
				CLANG_ANALYZER_NUMBER_OBJECT_CONVERSION = YES_AGGRESSIVE;
				CLANG_CXX_LANGUAGE_STANDARD = "gnu++17";
				CLANG_ENABLE_MODULES = YES;
				CLANG_ENABLE_OBJC_ARC = YES;
				CLANG_ENABLE_OBJC_WEAK = YES;
				CLANG_WARN_BLOCK_CAPTURE_AUTORELEASING = YES;
				CLANG_WARN_BOOL_CONVERSION = YES;
				CLANG_WARN_COMMA = YES;
				CLANG_WARN_CONSTANT_CONVERSION = YES;
				CLANG_WARN_DEPRECATED_OBJC_IMPLEMENTATIONS = YES;
				CLANG_WARN_DIRECT_OBJC_ISA_USAGE = YES_ERROR;
				CLANG_WARN_DOCUMENTATION_COMMENTS = YES;
				CLANG_WARN_EMPTY_BODY = YES;
				CLANG_WARN_ENUM_CONVERSION = YES;
				CLANG_WARN_INFINITE_RECURSION = YES;
				CLANG_WARN_INT_CONVERSION = YES;
				CLANG_WARN_NON_LITERAL_NULL_CONVERSION = YES;
				CLANG_WARN_OBJC_IMPLICIT_RETAIN_SELF = YES;
				CLANG_WARN_OBJC_LITERAL_CONVERSION = YES;
				CLANG_WARN_OBJC_ROOT_CLASS = YES_ERROR;
				CLANG_WARN_QUOTED_INCLUDE_IN_FRAMEWORK_HEADER = YES;
				CLANG_WARN_RANGE_LOOP_ANALYSIS = YES;
				CLANG_WARN_STRICT_PROTOTYPES = YES;
				CLANG_WARN_SUSPICIOUS_MOVE = YES;
				CLANG_WARN_UNGUARDED_AVAILABILITY = YES_AGGRESSIVE;
				CLANG_WARN_UNREACHABLE_CODE = YES;
				CLANG_WARN__DUPLICATE_METHOD_MATCH = YES;
				COPY_PHASE_STRIP = NO;
				DEBUG_INFORMATION_FORMAT = dwarf;
				ENABLE_STRICT_OBJC_MSGSEND = YES;
				ENABLE_TESTABILITY = YES;
				GCC_C_LANGUAGE_STANDARD = gnu11;
				GCC_DYNAMIC_NO_PIC = NO;
				GCC_NO_COMMON_BLOCKS = YES;
				GCC_OPTIMIZATION_LEVEL = 0;
				GCC_PREPROCESSOR_DEFINITIONS = (
					"DEBUG=1",
					"$(inherited)",
				);
				GCC_WARN_64_TO_32_BIT_CONVERSION = YES;
				GCC_WARN_ABOUT_RETURN_TYPE = YES_ERROR;
				GCC_WARN_UNDECLARED_SELECTOR = YES;
				GCC_WARN_UNINITIALIZED_AUTOS = YES_AGGRESSIVE;
				GCC_WARN_UNUSED_FUNCTION = YES;
				GCC_WARN_UNUSED_VARIABLE = YES;
				IPHONEOS_DEPLOYMENT_TARGET = 14.0;
				MTL_ENABLE_DEBUG_INFO = INCLUDE_SOURCE;
				MTL_FAST_MATH = YES;
				ONLY_ACTIVE_ARCH = YES;
				SDKROOT = iphoneos;
				SWIFT_ACTIVE_COMPILATION_CONDITIONS = DEBUG;
				SWIFT_OPTIMIZATION_LEVEL = "-Onone";
			};
			name = Debug;
		};
		742D13C828E2C70300150673 /* Release */ = {
			isa = XCBuildConfiguration;
			buildSettings = {
				ALWAYS_SEARCH_USER_PATHS = NO;
				CLANG_ANALYZER_NONNULL = YES;
				CLANG_ANALYZER_NUMBER_OBJECT_CONVERSION = YES_AGGRESSIVE;
				CLANG_CXX_LANGUAGE_STANDARD = "gnu++17";
				CLANG_ENABLE_MODULES = YES;
				CLANG_ENABLE_OBJC_ARC = YES;
				CLANG_ENABLE_OBJC_WEAK = YES;
				CLANG_WARN_BLOCK_CAPTURE_AUTORELEASING = YES;
				CLANG_WARN_BOOL_CONVERSION = YES;
				CLANG_WARN_COMMA = YES;
				CLANG_WARN_CONSTANT_CONVERSION = YES;
				CLANG_WARN_DEPRECATED_OBJC_IMPLEMENTATIONS = YES;
				CLANG_WARN_DIRECT_OBJC_ISA_USAGE = YES_ERROR;
				CLANG_WARN_DOCUMENTATION_COMMENTS = YES;
				CLANG_WARN_EMPTY_BODY = YES;
				CLANG_WARN_ENUM_CONVERSION = YES;
				CLANG_WARN_INFINITE_RECURSION = YES;
				CLANG_WARN_INT_CONVERSION = YES;
				CLANG_WARN_NON_LITERAL_NULL_CONVERSION = YES;
				CLANG_WARN_OBJC_IMPLICIT_RETAIN_SELF = YES;
				CLANG_WARN_OBJC_LITERAL_CONVERSION = YES;
				CLANG_WARN_OBJC_ROOT_CLASS = YES_ERROR;
				CLANG_WARN_QUOTED_INCLUDE_IN_FRAMEWORK_HEADER = YES;
				CLANG_WARN_RANGE_LOOP_ANALYSIS = YES;
				CLANG_WARN_STRICT_PROTOTYPES = YES;
				CLANG_WARN_SUSPICIOUS_MOVE = YES;
				CLANG_WARN_UNGUARDED_AVAILABILITY = YES_AGGRESSIVE;
				CLANG_WARN_UNREACHABLE_CODE = YES;
				CLANG_WARN__DUPLICATE_METHOD_MATCH = YES;
				COPY_PHASE_STRIP = NO;
				DEBUG_INFORMATION_FORMAT = "dwarf-with-dsym";
				ENABLE_NS_ASSERTIONS = NO;
				ENABLE_STRICT_OBJC_MSGSEND = YES;
				GCC_C_LANGUAGE_STANDARD = gnu11;
				GCC_NO_COMMON_BLOCKS = YES;
				GCC_WARN_64_TO_32_BIT_CONVERSION = YES;
				GCC_WARN_ABOUT_RETURN_TYPE = YES_ERROR;
				GCC_WARN_UNDECLARED_SELECTOR = YES;
				GCC_WARN_UNINITIALIZED_AUTOS = YES_AGGRESSIVE;
				GCC_WARN_UNUSED_FUNCTION = YES;
				GCC_WARN_UNUSED_VARIABLE = YES;
				IPHONEOS_DEPLOYMENT_TARGET = 14.0;
				MTL_ENABLE_DEBUG_INFO = NO;
				MTL_FAST_MATH = YES;
				SDKROOT = iphoneos;
				SWIFT_COMPILATION_MODE = wholemodule;
				SWIFT_OPTIMIZATION_LEVEL = "-O";
				VALIDATE_PRODUCT = YES;
			};
			name = Release;
		};
		742D13CA28E2C70300150673 /* Debug */ = {
			isa = XCBuildConfiguration;
			baseConfigurationReference = D146AC24FAB5177AAB88A014 /* Pods-SujungVillage-User.debug.xcconfig */;
			buildSettings = {
				ASSETCATALOG_COMPILER_APPICON_NAME = AppIcon;
				ASSETCATALOG_COMPILER_GLOBAL_ACCENT_COLOR_NAME = AccentColor;
				CODE_SIGN_STYLE = Automatic;
				CURRENT_PROJECT_VERSION = 1;
				DEVELOPMENT_TEAM = JSGY6C3D99;
				GENERATE_INFOPLIST_FILE = YES;
				INFOPLIST_FILE = "SujungVillage-User/Info.plist";
				INFOPLIST_KEY_UIApplicationSupportsIndirectInputEvents = YES;
				INFOPLIST_KEY_UILaunchStoryboardName = LaunchScreen;
				INFOPLIST_KEY_UIMainStoryboardFile = Main;
				INFOPLIST_KEY_UISupportedInterfaceOrientations_iPad = "UIInterfaceOrientationPortrait UIInterfaceOrientationPortraitUpsideDown UIInterfaceOrientationLandscapeLeft UIInterfaceOrientationLandscapeRight";
				INFOPLIST_KEY_UISupportedInterfaceOrientations_iPhone = "UIInterfaceOrientationPortrait UIInterfaceOrientationLandscapeLeft UIInterfaceOrientationLandscapeRight";
				IPHONEOS_DEPLOYMENT_TARGET = 14.0;
				LD_RUNPATH_SEARCH_PATHS = (
					"$(inherited)",
					"@executable_path/Frameworks",
				);
				MARKETING_VERSION = 1.0;
				PRODUCT_BUNDLE_IDENTIFIER = "com.hongseeun.SujungVillage-User";
				PRODUCT_NAME = "$(TARGET_NAME)";
				SWIFT_EMIT_LOC_STRINGS = YES;
				SWIFT_VERSION = 5.0;
				TARGETED_DEVICE_FAMILY = "1,2";
			};
			name = Debug;
		};
		742D13CB28E2C70300150673 /* Release */ = {
			isa = XCBuildConfiguration;
			baseConfigurationReference = 2200E151A5E9AAC3C7730EFC /* Pods-SujungVillage-User.release.xcconfig */;
			buildSettings = {
				ASSETCATALOG_COMPILER_APPICON_NAME = AppIcon;
				ASSETCATALOG_COMPILER_GLOBAL_ACCENT_COLOR_NAME = AccentColor;
				CODE_SIGN_STYLE = Automatic;
				CURRENT_PROJECT_VERSION = 1;
				DEVELOPMENT_TEAM = JSGY6C3D99;
				GENERATE_INFOPLIST_FILE = YES;
				INFOPLIST_FILE = "SujungVillage-User/Info.plist";
				INFOPLIST_KEY_UIApplicationSupportsIndirectInputEvents = YES;
				INFOPLIST_KEY_UILaunchStoryboardName = LaunchScreen;
				INFOPLIST_KEY_UIMainStoryboardFile = Main;
				INFOPLIST_KEY_UISupportedInterfaceOrientations_iPad = "UIInterfaceOrientationPortrait UIInterfaceOrientationPortraitUpsideDown UIInterfaceOrientationLandscapeLeft UIInterfaceOrientationLandscapeRight";
				INFOPLIST_KEY_UISupportedInterfaceOrientations_iPhone = "UIInterfaceOrientationPortrait UIInterfaceOrientationLandscapeLeft UIInterfaceOrientationLandscapeRight";
				IPHONEOS_DEPLOYMENT_TARGET = 14.0;
				LD_RUNPATH_SEARCH_PATHS = (
					"$(inherited)",
					"@executable_path/Frameworks",
				);
				MARKETING_VERSION = 1.0;
				PRODUCT_BUNDLE_IDENTIFIER = "com.hongseeun.SujungVillage-User";
				PRODUCT_NAME = "$(TARGET_NAME)";
				SWIFT_EMIT_LOC_STRINGS = YES;
				SWIFT_VERSION = 5.0;
				TARGETED_DEVICE_FAMILY = "1,2";
			};
			name = Release;
		};
/* End XCBuildConfiguration section */

/* Begin XCConfigurationList section */
		742D13B028E2C6FE00150673 /* Build configuration list for PBXProject "SujungVillage-User" */ = {
			isa = XCConfigurationList;
			buildConfigurations = (
				742D13C728E2C70300150673 /* Debug */,
				742D13C828E2C70300150673 /* Release */,
			);
			defaultConfigurationIsVisible = 0;
			defaultConfigurationName = Release;
		};
		742D13C928E2C70300150673 /* Build configuration list for PBXNativeTarget "SujungVillage-User" */ = {
			isa = XCConfigurationList;
			buildConfigurations = (
				742D13CA28E2C70300150673 /* Debug */,
				742D13CB28E2C70300150673 /* Release */,
			);
			defaultConfigurationIsVisible = 0;
			defaultConfigurationName = Release;
		};
/* End XCConfigurationList section */
	};
	rootObject = 742D13AD28E2C6FE00150673 /* Project object */;
}
